
Microsoft Visual Studio Solution File, Format Version 12.00
# Visual Studio Version 17
VisualStudioVersion = 17.12.35527.113 d17.12
MinimumVisualStudioVersion = 10.0.40219.1
Project("{FAE04EC0-301F-11D3-BF4B-00C04F79EFBC}") = "multiplication-table", "multiplication-table\multiplication-table.csproj", "{A373CF0A-4A00-4620-9EEB-FD8B4C912C55}"
EndProject
Global
	GlobalSection(SolutionConfigurationPlatforms) = preSolution
		Debug|Any CPU = Debug|Any CPU
		Release|Any CPU = Release|Any CPU
	EndGlobalSection
	GlobalSection(ProjectConfigurationPlatforms) = postSolution
		{A373CF0A-4A00-4620-9EEB-FD8B4C912C55}.Debug|Any CPU.ActiveCfg = Debug|Any CPU
		{A373CF0A-4A00-4620-9EEB-FD8B4C912C55}.Debug|Any CPU.Build.0 = Debug|Any CPU
		{A373CF0A-4A00-4620-9EEB-FD8B4C912C55}.Release|Any CPU.ActiveCfg = Release|Any CPU
		{A373CF0A-4A00-4620-9EEB-FD8B4C912C55}.Release|Any CPU.Build.0 = Release|Any CPU
	EndGlobalSection
	GlobalSection(SolutionProperties) = preSolution
		HideSolutionNode = FALSE
	EndGlobalSection
EndGlobal
